
Microsoft Visual Studio Solution File, Format Version 12.00
# Visual Studio Version 17
VisualStudioVersion = 17.2.32616.157
MinimumVisualStudioVersion = 10.0.40219.1
Project("{FAE04EC0-301F-11D3-BF4B-00C04F79EFBC}") = "EasyInstallerV2", "EasyInstallerV2\EasyInstallerV2.csproj", "{0A977DC7-8EB0-4840-A1B7-791156F00F9D}"
EndProject
Global
	GlobalSection(SolutionConfigurationPlatforms) = preSolution
		Debug|Any CPU = Debug|Any CPU
		Debug|x64 = Debug|x64
		Release|Any CPU = Release|Any CPU
		Release|x64 = Release|x64
	EndGlobalSection
	GlobalSection(ProjectConfigurationPlatforms) = postSolution
		{0A977DC7-8EB0-4840-A1B7-791156F00F9D}.Debug|Any CPU.ActiveCfg = Debug|Any CPU
		{0A977DC7-8EB0-4840-A1B7-791156F00F9D}.Debug|Any CPU.Build.0 = Debug|Any CPU
		{0A977DC7-8EB0-4840-A1B7-791156F00F9D}.Debug|x64.ActiveCfg = Debug|x64
		{0A977DC7-8EB0-4840-A1B7-791156F00F9D}.Debug|x64.Build.0 = Debug|x64
		{0A977DC7-8EB0-4840-A1B7-791156F00F9D}.Release|Any CPU.ActiveCfg = Release|Any CPU
		{0A977DC7-8EB0-4840-A1B7-791156F00F9D}.Release|Any CPU.Build.0 = Release|Any CPU
		{0A977DC7-8EB0-4840-A1B7-791156F00F9D}.Release|x64.ActiveCfg = Release|x64
		{0A977DC7-8EB0-4840-A1B7-791156F00F9D}.Release|x64.Build.0 = Release|x64
	EndGlobalSection
	GlobalSection(SolutionProperties) = preSolution
		HideSolutionNode = FALSE
	EndGlobalSection
	GlobalSection(ExtensibilityGlobals) = postSolution
		SolutionGuid = {97F708CC-110B-4CC6-BAEE-59E698ADB840}
	EndGlobalSection
EndGlobal
